// !$*UTF8*$!
{
	archiveVersion = 1;
	classes = {
	};
	objectVersion = 77;
	objects = {

/* Begin PBXBuildFile section */
		7A918CE62F5A12B1007FA75D /* GRDB in Frameworks */ = {isa = PBXBuildFile; productRef = AA000001AAAA0001AAAAAAAA /* GRDB */; };
		7A918CF02F5A1400007FA75E /* KeychainSwift in Frameworks */ = {isa = PBXBuildFile; productRef = 7A918CF12F5A1400007FA75E /* KeychainSwift */; };
/* End PBXBuildFile section */

/* Begin PBXContainerItemProxy section */
		7A918BEC2F59C8A3007FA75D /* PBXContainerItemProxy */ = {
			isa = PBXContainerItemProxy;
			containerPortal = 7A918BD62F59C8A2007FA75D /* Project object */;
			proxyType = 1;
			remoteGlobalIDString = 7A918BDD2F59C8A2007FA75D;
			remoteInfo = FlowTrack;
		};
		7A918BF62F59C8A3007FA75D /* PBXContainerItemProxy */ = {
			isa = PBXContainerItemProxy;
			containerPortal = 7A918BD62F59C8A2007FA75D /* Project object */;
			proxyType = 1;
			remoteGlobalIDString = 7A918BDD2F59C8A2007FA75D;
			remoteInfo = FlowTrack;
		};
/* End PBXContainerItemProxy section */

/* Begin PBXFileReference section */
		7A918BDE2F59C8A2007FA75D /* FlowTrack.app */ = {isa = PBXFileReference; explicitFileType = wrapper.application; includeInIndex = 0; path = FlowTrack.app; sourceTree = BUILT_PRODUCTS_DIR; };
		7A918BEB2F59C8A3007FA75D /* FlowTrackTests.xctest */ = {isa = PBXFileReference; explicitFileType = wrapper.cfbundle; includeInIndex = 0; path = FlowTrackTests.xctest; sourceTree = BUILT_PRODUCTS_DIR; };
		7A918BF52F59C8A3007FA75D /* FlowTrackUITests.xctest */ = {isa = PBXFileReference; explicitFileType = wrapper.cfbundle; includeInIndex = 0; path = FlowTrackUITests.xctest; sourceTree = BUILT_PRODUCTS_DIR; };
		7AECA5042F5C738900113DE0 /* FlowTrack.xcodeproj */ = {isa = PBXFileReference; lastKnownFileType = "wrapper.pb-project"; path = FlowTrack.xcodeproj; sourceTree = "<group>"; };
/* End PBXFileReference section */

/* Begin PBXFileSystemSynchronizedRootGroup section */
		7A918BE02F59C8A2007FA75D /* FlowTrack */ = {
			isa = PBXFileSystemSynchronizedRootGroup;
			path = FlowTrack;
			sourceTree = "<group>";
		};
		7A918BEE2F59C8A3007FA75D /* FlowTrackTests */ = {
			isa = PBXFileSystemSynchronizedRootGroup;
			path = FlowTrackTests;
			sourceTree = "<group>";
		};
		7A918BF82F59C8A3007FA75D /* FlowTrackUITests */ = {
			isa = PBXFileSystemSynchronizedRootGroup;
			path = FlowTrackUITests;
			sourceTree = "<group>";
		};
/* End PBXFileSystemSynchronizedRootGroup section */

/* Begin PBXFrameworksBuildPhase section */
		7A918BDB2F59C8A2007FA75D /* Frameworks */ = {
			isa = PBXFrameworksBuildPhase;
			buildActionMask = 2147483647;
			files = (
				7A918CE62F5A12B1007FA75D /* GRDB in Frameworks */,
				7A918CF02F5A1400007FA75E /* KeychainSwift in Frameworks */,
			);
			runOnlyForDeploymentPostprocessing = 0;
		};
		7A918BE82F59C8A3007FA75D /* Frameworks */ = {
			isa = PBXFrameworksBuildPhase;
			buildActionMask = 2147483647;
			files = (
			);
			runOnlyForDeploymentPostprocessing = 0;
		};
		7A918BF22F59C8A3007FA75D /* Frameworks */ = {
			isa = PBXFrameworksBuildPhase;
			buildActionMask = 2147483647;
			files = (
			);
			runOnlyForDeploymentPostprocessing = 0;
		};
/* End PBXFrameworksBuildPhase section */

/* Begin PBXGroup section */
		7A918BD52F59C8A2007FA75D = {
			isa = PBXGroup;
			children = (
				7A918BE02F59C8A2007FA75D /* FlowTrack */,
				7A918BEE2F59C8A3007FA75D /* FlowTrackTests */,
				7A918BF82F59C8A3007FA75D /* FlowTrackUITests */,
				7A918BDF2F59C8A2007FA75D /* Products */,
			);
			sourceTree = "<group>";
		};
		7A918BDF2F59C8A2007FA75D /* Products */ = {
			isa = PBXGroup;
			children = (
				7A918BDE2F59C8A2007FA75D /* FlowTrack.app */,
				7A918BEB2F59C8A3007FA75D /* FlowTrackTests.xctest */,
				7A918BF52F59C8A3007FA75D /* FlowTrackUITests.xctest */,
			);
			name = Products;
			sourceTree = "<group>";
		};
		7AECA5062F5C738900113DE0 /* Products */ = {
			isa = PBXGroup;
			name = Products;
			sourceTree = "<group>";
		};
/* End PBXGroup section */

/* Begin PBXNativeTarget section */
		7A918BDD2F59C8A2007FA75D /* FlowTrack */ = {
			isa = PBXNativeTarget;
			buildConfigurationList = 7A918BFF2F59C8A3007FA75D /* Build configuration list for PBXNativeTarget "FlowTrack" */;
			buildPhases = (
				7A918BDA2F59C8A2007FA75D /* Sources */,
				7A918BDB2F59C8A2007FA75D /* Frameworks */,
				7A918BDC2F59C8A2007FA75D /* Resources */,
			);
			buildRules = (
			);
			dependencies = (
			);
			fileSystemSynchronizedGroups = (
				7A918BE02F59C8A2007FA75D /* FlowTrack */,
			);
			name = FlowTrack;
			packageProductDependencies = (
				AA000001AAAA0001AAAAAAAA /* GRDB */,
				7A918CF12F5A1400007FA75E /* KeychainSwift */,
			);
			productName = FlowTrack;
			productReference = 7A918BDE2F59C8A2007FA75D /* FlowTrack.app */;
			productType = "com.apple.product-type.application";
		};
		7A918BEA2F59C8A3007FA75D /* FlowTrackTests */ = {
			isa = PBXNativeTarget;
			buildConfigurationList = 7A918C022F59C8A3007FA75D /* Build configuration list for PBXNativeTarget "FlowTrackTests" */;
			buildPhases = (
				7A918BE72F59C8A3007FA75D /* Sources */,
				7A918BE82F59C8A3007FA75D /* Frameworks */,
				7A918BE92F59C8A3007FA75D /* Resources */,
			);
			buildRules = (
			);
			dependencies = (
				7A918BED2F59C8A3007FA75D /* PBXTargetDependency */,
			);
			fileSystemSynchronizedGroups = (
				7A918BEE2F59C8A3007FA75D /* FlowTrackTests */,
			);
			name = FlowTrackTests;
			packageProductDependencies = (
			);
			productName = FlowTrackTests;
			productReference = 7A918BEB2F59C8A3007FA75D /* FlowTrackTests.xctest */;
			productType = "com.apple.product-type.bundle.unit-test";
		};
		7A918BF42F59C8A3007FA75D /* FlowTrackUITests */ = {
			isa = PBXNativeTarget;
			buildConfigurationList = 7A918C052F59C8A3007FA75D /* Build configuration list for PBXNativeTarget "FlowTrackUITests" */;
			buildPhases = (
				7A918BF12F59C8A3007FA75D /* Sources */,
				7A918BF22F59C8A3007FA75D /* Frameworks */,
				7A918BF32F59C8A3007FA75D /* Resources */,
			);
			buildRules = (
			);
			dependencies = (
				7A918BF72F59C8A3007FA75D /* PBXTargetDependency */,
			);
			fileSystemSynchronizedGroups = (
				7A918BF82F59C8A3007FA75D /* FlowTrackUITests */,
			);
			name = FlowTrackUITests;
			packageProductDependencies = (
			);
			productName = FlowTrackUITests;
			productReference = 7A918BF52F59C8A3007FA75D /* FlowTrackUITests.xctest */;
			productType = "com.apple.product-type.bundle.ui-testing";
		};
/* End PBXNativeTarget section */

/* Begin PBXProject section */
		7A918BD62F59C8A2007FA75D /* Project object */ = {
			isa = PBXProject;
			attributes = {
				BuildIndependentTargetsInParallel = 1;
				LastSwiftUpdateCheck = 2620;
				LastUpgradeCheck = 2620;
				TargetAttributes = {
					7A918BDD2F59C8A2007FA75D = {
						CreatedOnToolsVersion = 26.2;
					};
					7A918BEA2F59C8A3007FA75D = {
						CreatedOnToolsVersion = 26.2;
						TestTargetID = 7A918BDD2F59C8A2007FA75D;
					};
					7A918BF42F59C8A3007FA75D = {
						CreatedOnToolsVersion = 26.2;
						TestTargetID = 7A918BDD2F59C8A2007FA75D;
					};
				};
			};
			buildConfigurationList = 7A918BD92F59C8A2007FA75D /* Build configuration list for PBXProject "FlowTrack" */;
			developmentRegion = en;
			hasScannedForEncodings = 0;
			knownRegions = (
				en,
				Base,
			);
			mainGroup = 7A918BD52F59C8A2007FA75D;
			minimizedProjectReferenceProxies = 1;
			packageReferences = (
				AA000001AAAA0000AAAAAAAA /* XCRemoteSwiftPackageReference "GRDB.swift" */,
				7A918D732F5A12F4007FA75D /* XCRemoteSwiftPackageReference "keychain-swift" */,
			);
			preferredProjectObjectVersion = 77;
			productRefGroup = 7A918BDF2F59C8A2007FA75D /* Products */;
			projectDirPath = "";
			projectReferences = (
				{
					ProductGroup = 7AECA5062F5C738900113DE0 /* Products */;
					ProjectRef = 7AECA5042F5C738900113DE0 /* FlowTrack.xcodeproj */;
				},
			);
			projectRoot = "";
			targets = (
				7A918BDD2F59C8A2007FA75D /* FlowTrack */,
				7A918BEA2F59C8A3007FA75D /* FlowTrackTests */,
				7A918BF42F59C8A3007FA75D /* FlowTrackUITests */,
			);
		};
/* End PBXProject section */

/* Begin PBXResourcesBuildPhase section */
		7A918BDC2F59C8A2007FA75D /* Resources */ = {
			isa = PBXResourcesBuildPhase;
			buildActionMask = 2147483647;
			files = (
			);
			runOnlyForDeploymentPostprocessing = 0;
		};
		7A918BE92F59C8A3007FA75D /* Resources */ = {
			isa = PBXResourcesBuildPhase;
			buildActionMask = 2147483647;
			files = (
			);
			runOnlyForDeploymentPostprocessing = 0;
		};
		7A918BF32F59C8A3007FA75D /* Resources */ = {
			isa = PBXResourcesBuildPhase;
			buildActionMask = 2147483647;
			files = (
			);
			runOnlyForDeploymentPostprocessing = 0;
		};
/* End PBXResourcesBuildPhase section */

/* Begin PBXSourcesBuildPhase section */
		7A918BDA2F59C8A2007FA75D /* Sources */ = {
			isa = PBXSourcesBuildPhase;
			buildActionMask = 2147483647;
			files = (
			);
			runOnlyForDeploymentPostprocessing = 0;
		};
		7A918BE72F59C8A3007FA75D /* Sources */ = {
			isa = PBXSourcesBuildPhase;
			buildActionMask = 2147483647;
			files = (
			);
			runOnlyForDeploymentPostprocessing = 0;
		};
		7A918BF12F59C8A3007FA75D /* Sources */ = {
			isa = PBXSourcesBuildPhase;
			buildActionMask = 2147483647;
			files = (
			);
			runOnlyForDeploymentPostprocessing = 0;
		};
/* End PBXSourcesBuildPhase section */

/* Begin PBXTargetDependency section */
		7A918BED2F59C8A3007FA75D /* PBXTargetDependency */ = {
			isa = PBXTargetDependency;
			target = 7A918BDD2F59C8A2007FA75D /* FlowTrack */;
			targetProxy = 7A918BEC2F59C8A3007FA75D /* PBXContainerItemProxy */;
		};
		7A918BF72F59C8A3007FA75D /* PBXTargetDependency */ = {
			isa = PBXTargetDependency;
			target = 7A918BDD2F59C8A2007FA75D /* FlowTrack */;
			targetProxy = 7A918BF62F59C8A3007FA75D /* PBXContainerItemProxy */;
		};
/* End PBXTargetDependency section */

/* Begin XCBuildConfiguration section */
		7A918BFD2F59C8A3007FA75D /* Debug */ = {
			isa = XCBuildConfiguration;
			buildSettings = {
				ALWAYS_SEARCH_USER_PATHS = NO;
				ASSETCATALOG_COMPILER_GENERATE_SWIFT_ASSET_SYMBOL_EXTENSIONS = YES;
				CLANG_ANALYZER_NONNULL = YES;
				CLANG_ANALYZER_NUMBER_OBJECT_CONVERSION = YES_AGGRESSIVE;
				CLANG_CXX_LANGUAGE_STANDARD = "gnu++20";
				CLANG_ENABLE_MODULES = YES;
				CLANG_ENABLE_OBJC_ARC = YES;
				CLANG_ENABLE_OBJC_WEAK = YES;
				CLANG_WARN_BLOCK_CAPTURE_AUTORELEASING = YES;
				CLANG_WARN_BOOL_CONVERSION = YES;
				CLANG_WARN_COMMA = YES;
				CLANG_WARN_CONSTANT_CONVERSION = YES;
				CLANG_WARN_DEPRECATED_OBJC_IMPLEMENTATIONS = YES;
				CLANG_WARN_DIRECT_OBJC_ISA_USAGE = YES_ERROR;
				CLANG_WARN_DOCUMENTATION_COMMENTS = YES;
				CLANG_WARN_EMPTY_BODY = YES;
				CLANG_WARN_ENUM_CONVERSION = YES;
				CLANG_WARN_INFINITE_RECURSION = YES;
				CLANG_WARN_INT_CONVERSION = YES;
				CLANG_WARN_NON_LITERAL_NULL_CONVERSION = YES;
				CLANG_WARN_OBJC_IMPLICIT_RETAIN_SELF = YES;
				CLANG_WARN_OBJC_LITERAL_CONVERSION = YES;
				CLANG_WARN_OBJC_ROOT_CLASS = YES_ERROR;
				CLANG_WARN_QUOTED_INCLUDE_IN_FRAMEWORK_HEADER = YES;
				CLANG_WARN_RANGE_LOOP_ANALYSIS = YES;
				CLANG_WARN_STRICT_PROTOTYPES = YES;
				CLANG_WARN_SUSPICIOUS_MOVE = YES;
				CLANG_WARN_UNGUARDED_AVAILABILITY = YES_AGGRESSIVE;
				CLANG_WARN_UNREACHABLE_CODE = YES;
				CLANG_WARN__DUPLICATE_METHOD_MATCH = YES;
				COPY_PHASE_STRIP = NO;
				DEBUG_INFORMATION_FORMAT = dwarf;
				ENABLE_STRICT_OBJC_MSGSEND = YES;
				ENABLE_TESTABILITY = YES;
				ENABLE_USER_SCRIPT_SANDBOXING = YES;
				GCC_C_LANGUAGE_STANDARD = gnu17;
				GCC_DYNAMIC_NO_PIC = NO;
				GCC_NO_COMMON_BLOCKS = YES;
				GCC_OPTIMIZATION_LEVEL = 0;
				GCC_PREPROCESSOR_DEFINITIONS = (
					"DEBUG=1",
					"$(inherited)",
				);
				GCC_WARN_64_TO_32_BIT_CONVERSION = YES;
				GCC_WARN_ABOUT_RETURN_TYPE = YES_ERROR;
				GCC_WARN_UNDECLARED_SELECTOR = YES;
				GCC_WARN_UNINITIALIZED_AUTOS = YES_AGGRESSIVE;
				GCC_WARN_UNUSED_FUNCTION = YES;
				GCC_WARN_UNUSED_VARIABLE = YES;
				LOCALIZATION_PREFERS_STRING_CATALOGS = YES;
				MACOSX_DEPLOYMENT_TARGET = 26.2;
				MTL_ENABLE_DEBUG_INFO = INCLUDE_SOURCE;
				MTL_FAST_MATH = YES;
				ONLY_ACTIVE_ARCH = YES;
				SDKROOT = macosx;
				SWIFT_ACTIVE_COMPILATION_CONDITIONS = "DEBUG $(inherited)";
				SWIFT_OPTIMIZATION_LEVEL = "-Onone";
			};
			name = Debug;
		};
		7A918BFE2F59C8A3007FA75D /* Release */ = {
			isa = XCBuildConfiguration;
			buildSettings = {
				ALWAYS_SEARCH_USER_PATHS = NO;
				ASSETCATALOG_COMPILER_GENERATE_SWIFT_ASSET_SYMBOL_EXTENSIONS = YES;
				CLANG_ANALYZER_NONNULL = YES;
				CLANG_ANALYZER_NUMBER_OBJECT_CONVERSION = YES_AGGRESSIVE;
				CLANG_CXX_LANGUAGE_STANDARD = "gnu++20";
				CLANG_ENABLE_MODULES = YES;
				CLANG_ENABLE_OBJC_ARC = YES;
				CLANG_ENABLE_OBJC_WEAK = YES;
				CLANG_WARN_BLOCK_CAPTURE_AUTORELEASING = YES;
				CLANG_WARN_BOOL_CONVERSION = YES;
				CLANG_WARN_COMMA = YES;
				CLANG_WARN_CONSTANT_CONVERSION = YES;
				CLANG_WARN_DEPRECATED_OBJC_IMPLEMENTATIONS = YES;
				CLANG_WARN_DIRECT_OBJC_ISA_USAGE = YES_ERROR;
				CLANG_WARN_DOCUMENTATION_COMMENTS = YES;
				CLANG_WARN_EMPTY_BODY = YES;
				CLANG_WARN_ENUM_CONVERSION = YES;
				CLANG_WARN_INFINITE_RECURSION = YES;
				CLANG_WARN_INT_CONVERSION = YES;
				CLANG_WARN_NON_LITERAL_NULL_CONVERSION = YES;
				CLANG_WARN_OBJC_IMPLICIT_RETAIN_SELF = YES;
				CLANG_WARN_OBJC_LITERAL_CONVERSION = YES;
				CLANG_WARN_OBJC_ROOT_CLASS = YES_ERROR;
				CLANG_WARN_QUOTED_INCLUDE_IN_FRAMEWORK_HEADER = YES;
				CLANG_WARN_RANGE_LOOP_ANALYSIS = YES;
				CLANG_WARN_STRICT_PROTOTYPES = YES;
				CLANG_WARN_SUSPICIOUS_MOVE = YES;
				CLANG_WARN_UNGUARDED_AVAILABILITY = YES_AGGRESSIVE;
				CLANG_WARN_UNREACHABLE_CODE = YES;
				CLANG_WARN__DUPLICATE_METHOD_MATCH = YES;
				COPY_PHASE_STRIP = NO;
				DEBUG_INFORMATION_FORMAT = "dwarf-with-dsym";
				ENABLE_NS_ASSERTIONS = NO;
				ENABLE_STRICT_OBJC_MSGSEND = YES;
				ENABLE_USER_SCRIPT_SANDBOXING = YES;
				GCC_C_LANGUAGE_STANDARD = gnu17;
				GCC_NO_COMMON_BLOCKS = YES;
				GCC_WARN_64_TO_32_BIT_CONVERSION = YES;
				GCC_WARN_ABOUT_RETURN_TYPE = YES_ERROR;
				GCC_WARN_UNDECLARED_SELECTOR = YES;
				GCC_WARN_UNINITIALIZED_AUTOS = YES_AGGRESSIVE;
				GCC_WARN_UNUSED_FUNCTION = YES;
				GCC_WARN_UNUSED_VARIABLE = YES;
				LOCALIZATION_PREFERS_STRING_CATALOGS = YES;
				MACOSX_DEPLOYMENT_TARGET = 26.2;
				MTL_ENABLE_DEBUG_INFO = NO;
				MTL_FAST_MATH = YES;
				SDKROOT = macosx;
				SWIFT_COMPILATION_MODE = wholemodule;
			};
			name = Release;
		};
		7A918C002F59C8A3007FA75D /* Debug */ = {
			isa = XCBuildConfiguration;
			buildSettings = {
				ASSETCATALOG_COMPILER_APPICON_NAME = AppIcon;
				ASSETCATALOG_COMPILER_GLOBAL_ACCENT_COLOR_NAME = AccentColor;
				CODE_SIGN_ENTITLEMENTS = FlowTrack/FlowTrack.entitlements;
				CODE_SIGN_STYLE = Automatic;
				COMBINE_HIDPI_IMAGES = YES;
				CURRENT_PROJECT_VERSION = 1;
				ENABLE_APP_SANDBOX = NO;
				ENABLE_HARDENED_RUNTIME = YES;
				ENABLE_PREVIEWS = YES;
				GENERATE_INFOPLIST_FILE = YES;
				INFOPLIST_KEY_LSApplicationCategoryType = "public.app-category.productivity";
				INFOPLIST_KEY_LSUIElement = YES;
				INFOPLIST_KEY_NSAccessibilityUsageDescription = "FlowTrack reads window titles to accurately track how you spend your time.";
				INFOPLIST_KEY_NSAppleEventsUsageDescription = "FlowTrack uses Apple Events to read the current URL from your browser for activity tracking.";
				INFOPLIST_KEY_NSHumanReadableCopyright = "Copyright © 2025 FlowTrack. All rights reserved.";
				LD_RUNPATH_SEARCH_PATHS = (
					"$(inherited)",
					"@executable_path/../Frameworks",
				);
				MACOSX_DEPLOYMENT_TARGET = 14.6;
				MARKETING_VERSION = 0.3;
				PRODUCT_BUNDLE_IDENTIFIER = com.flowtrack.app;
				PRODUCT_NAME = "$(TARGET_NAME)";
				REGISTER_APP_GROUPS = YES;
				STRING_CATALOG_GENERATE_SYMBOLS = YES;
				SWIFT_APPROACHABLE_CONCURRENCY = YES;
				SWIFT_DEFAULT_ACTOR_ISOLATION = MainActor;
				SWIFT_EMIT_LOC_STRINGS = YES;
				SWIFT_UPCOMING_FEATURE_MEMBER_IMPORT_VISIBILITY = YES;
				SWIFT_VERSION = 5.0;
			};
			name = Debug;
		};
		7A918C012F59C8A3007FA75D /* Release */ = {
			isa = XCBuildConfiguration;
			buildSettings = {
				ASSETCATALOG_COMPILER_APPICON_NAME = AppIcon;
				ASSETCATALOG_COMPILER_GLOBAL_ACCENT_COLOR_NAME = AccentColor;
				CODE_SIGN_ENTITLEMENTS = FlowTrack/FlowTrack.entitlements;
				CODE_SIGN_STYLE = Automatic;
				COMBINE_HIDPI_IMAGES = YES;
				CURRENT_PROJECT_VERSION = 1;
				ENABLE_APP_SANDBOX = NO;
				ENABLE_HARDENED_RUNTIME = YES;
				ENABLE_PREVIEWS = YES;
				GENERATE_INFOPLIST_FILE = YES;
				INFOPLIST_KEY_LSApplicationCategoryType = "public.app-category.productivity";
				INFOPLIST_KEY_LSUIElement = YES;
				INFOPLIST_KEY_NSAccessibilityUsageDescription = "FlowTrack reads window titles to accurately track how you spend your time.";
				INFOPLIST_KEY_NSAppleEventsUsageDescription = "FlowTrack uses Apple Events to read the current URL from your browser for activity tracking.";
				INFOPLIST_KEY_NSHumanReadableCopyright = "Copyright © 2025 FlowTrack. All rights reserved.";
				LD_RUNPATH_SEARCH_PATHS = (
					"$(inherited)",
					"@executable_path/../Frameworks",
				);
				MACOSX_DEPLOYMENT_TARGET = 14.6;
				MARKETING_VERSION = 0.3;
				PRODUCT_BUNDLE_IDENTIFIER = com.flowtrack.app;
				PRODUCT_NAME = "$(TARGET_NAME)";
				REGISTER_APP_GROUPS = YES;
				STRING_CATALOG_GENERATE_SYMBOLS = YES;
				SWIFT_APPROACHABLE_CONCURRENCY = YES;
				SWIFT_DEFAULT_ACTOR_ISOLATION = MainActor;
				SWIFT_EMIT_LOC_STRINGS = YES;
				SWIFT_UPCOMING_FEATURE_MEMBER_IMPORT_VISIBILITY = YES;
				SWIFT_VERSION = 5.0;
			};
			name = Release;
		};
		7A918C032F59C8A3007FA75D /* Debug */ = {
			isa = XCBuildConfiguration;
			buildSettings = {
				BUNDLE_LOADER = "$(TEST_HOST)";
				CODE_SIGN_STYLE = Automatic;
				CURRENT_PROJECT_VERSION = 1;
				GENERATE_INFOPLIST_FILE = YES;
				MACOSX_DEPLOYMENT_TARGET = 26.2;
				MARKETING_VERSION = 0.3;
				PRODUCT_BUNDLE_IDENTIFIER = com.FlowTrackTests;
				PRODUCT_NAME = "$(TARGET_NAME)";
				STRING_CATALOG_GENERATE_SYMBOLS = NO;
				SWIFT_APPROACHABLE_CONCURRENCY = YES;
				SWIFT_EMIT_LOC_STRINGS = NO;
				SWIFT_UPCOMING_FEATURE_MEMBER_IMPORT_VISIBILITY = YES;
				SWIFT_VERSION = 5.0;
				TEST_HOST = "$(BUILT_PRODUCTS_DIR)/FlowTrack.app/$(BUNDLE_EXECUTABLE_FOLDER_PATH)/FlowTrack";
			};
			name = Debug;
		};
		7A918C042F59C8A3007FA75D /* Release */ = {
			isa = XCBuildConfiguration;
			buildSettings = {
				BUNDLE_LOADER = "$(TEST_HOST)";
				CODE_SIGN_STYLE = Automatic;
				CURRENT_PROJECT_VERSION = 1;
				GENERATE_INFOPLIST_FILE = YES;
				MACOSX_DEPLOYMENT_TARGET = 26.2;
				MARKETING_VERSION = 0.3;
				PRODUCT_BUNDLE_IDENTIFIER = com.FlowTrackTests;
				PRODUCT_NAME = "$(TARGET_NAME)";
				STRING_CATALOG_GENERATE_SYMBOLS = NO;
				SWIFT_APPROACHABLE_CONCURRENCY = YES;
				SWIFT_EMIT_LOC_STRINGS = NO;
				SWIFT_UPCOMING_FEATURE_MEMBER_IMPORT_VISIBILITY = YES;
				SWIFT_VERSION = 5.0;
				TEST_HOST = "$(BUILT_PRODUCTS_DIR)/FlowTrack.app/$(BUNDLE_EXECUTABLE_FOLDER_PATH)/FlowTrack";
			};
			name = Release;
		};
		7A918C062F59C8A3007FA75D /* Debug */ = {
			isa = XCBuildConfiguration;
			buildSettings = {
				CODE_SIGN_STYLE = Automatic;
				CURRENT_PROJECT_VERSION = 1;
				GENERATE_INFOPLIST_FILE = YES;
				MARKETING_VERSION = 0.3;
				PRODUCT_BUNDLE_IDENTIFIER = com.FlowTrackUITests;
				PRODUCT_NAME = "$(TARGET_NAME)";
				STRING_CATALOG_GENERATE_SYMBOLS = NO;
				SWIFT_APPROACHABLE_CONCURRENCY = YES;
				SWIFT_EMIT_LOC_STRINGS = NO;
				SWIFT_UPCOMING_FEATURE_MEMBER_IMPORT_VISIBILITY = YES;
				SWIFT_VERSION = 5.0;
				TEST_TARGET_NAME = FlowTrack;
			};
			name = Debug;
		};
		7A918C072F59C8A3007FA75D /* Release */ = {
			isa = XCBuildConfiguration;
			buildSettings = {
				CODE_SIGN_STYLE = Automatic;
				CURRENT_PROJECT_VERSION = 1;
				GENERATE_INFOPLIST_FILE = YES;
				MARKETING_VERSION = 0.3;
				PRODUCT_BUNDLE_IDENTIFIER = com.FlowTrackUITests;
				PRODUCT_NAME = "$(TARGET_NAME)";
				STRING_CATALOG_GENERATE_SYMBOLS = NO;
				SWIFT_APPROACHABLE_CONCURRENCY = YES;
				SWIFT_EMIT_LOC_STRINGS = NO;
				SWIFT_UPCOMING_FEATURE_MEMBER_IMPORT_VISIBILITY = YES;
				SWIFT_VERSION = 5.0;
				TEST_TARGET_NAME = FlowTrack;
			};
			name = Release;
		};
/* End XCBuildConfiguration section */

/* Begin XCConfigurationList section */
		7A918BD92F59C8A2007FA75D /* Build configuration list for PBXProject "FlowTrack" */ = {
			isa = XCConfigurationList;
			buildConfigurations = (
				7A918BFD2F59C8A3007FA75D /* Debug */,
				7A918BFE2F59C8A3007FA75D /* Release */,
			);
			defaultConfigurationIsVisible = 0;
			defaultConfigurationName = Release;
		};
		7A918BFF2F59C8A3007FA75D /* Build configuration list for PBXNativeTarget "FlowTrack" */ = {
			isa = XCConfigurationList;
			buildConfigurations = (
				7A918C002F59C8A3007FA75D /* Debug */,
				7A918C012F59C8A3007FA75D /* Release */,
			);
			defaultConfigurationIsVisible = 0;
			defaultConfigurationName = Release;
		};
		7A918C022F59C8A3007FA75D /* Build configuration list for PBXNativeTarget "FlowTrackTests" */ = {
			isa = XCConfigurationList;
			buildConfigurations = (
				7A918C032F59C8A3007FA75D /* Debug */,
				7A918C042F59C8A3007FA75D /* Release */,
			);
			defaultConfigurationIsVisible = 0;
			defaultConfigurationName = Release;
		};
		7A918C052F59C8A3007FA75D /* Build configuration list for PBXNativeTarget "FlowTrackUITests" */ = {
			isa = XCConfigurationList;
			buildConfigurations = (
				7A918C062F59C8A3007FA75D /* Debug */,
				7A918C072F59C8A3007FA75D /* Release */,
			);
			defaultConfigurationIsVisible = 0;
			defaultConfigurationName = Release;
		};
/* End XCConfigurationList section */

/* Begin XCRemoteSwiftPackageReference section */
		7A918D732F5A12F4007FA75D /* XCRemoteSwiftPackageReference "keychain-swift" */ = {
			isa = XCRemoteSwiftPackageReference;
			repositoryURL = "https://github.com/evgenyneu/keychain-swift";
			requirement = {
				kind = upToNextMajorVersion;
				minimumVersion = 24.0.0;
			};
		};
		AA000001AAAA0000AAAAAAAA /* XCRemoteSwiftPackageReference "GRDB.swift" */ = {
			isa = XCRemoteSwiftPackageReference;
			repositoryURL = "https://github.com/groue/GRDB.swift.git";
			requirement = {
				kind = upToNextMajorVersion;
				minimumVersion = 7.0.0;
			};
		};
/* End XCRemoteSwiftPackageReference section */

/* Begin XCSwiftPackageProductDependency section */
		7A918CF12F5A1400007FA75E /* KeychainSwift */ = {
			isa = XCSwiftPackageProductDependency;
			package = 7A918D732F5A12F4007FA75D /* XCRemoteSwiftPackageReference "keychain-swift" */;
			productName = KeychainSwift;
		};
		AA000001AAAA0001AAAAAAAA /* GRDB */ = {
			isa = XCSwiftPackageProductDependency;
			package = AA000001AAAA0000AAAAAAAA /* XCRemoteSwiftPackageReference "GRDB.swift" */;
			productName = GRDB;
		};
/* End XCSwiftPackageProductDependency section */
	};
	rootObject = 7A918BD62F59C8A2007FA75D /* Project object */;
}
